
Microsoft Visual Studio Solution File, Format Version 12.00
# Visual Studio Version 17
VisualStudioVersion = 17.11.35327.3
MinimumVisualStudioVersion = 10.0.40219.1
Project("{FAE04EC0-301F-11D3-BF4B-00C04F79EFBC}") = "ECommerceAPI", "ECommerceAPI\ECommerceAPI.csproj", "{33D71867-0BCE-4160-9777-4DCCAAE6D704}"
EndProject
Global
	GlobalSection(SolutionConfigurationPlatforms) = preSolution
		Debug|Any CPU = Debug|Any CPU
		Release|Any CPU = Release|Any CPU
	EndGlobalSection
	GlobalSection(ProjectConfigurationPlatforms) = postSolution
		{33D71867-0BCE-4160-9777-4DCCAAE6D704}.Debug|Any CPU.ActiveCfg = Debug|Any CPU
		{33D71867-0BCE-4160-9777-4DCCAAE6D704}.Debug|Any CPU.Build.0 = Debug|Any CPU
		{33D71867-0BCE-4160-9777-4DCCAAE6D704}.Release|Any CPU.ActiveCfg = Release|Any CPU
		{33D71867-0BCE-4160-9777-4DCCAAE6D704}.Release|Any CPU.Build.0 = Release|Any CPU
	EndGlobalSection
	GlobalSection(SolutionProperties) = preSolution
		HideSolutionNode = FALSE
	EndGlobalSection
	GlobalSection(ExtensibilityGlobals) = postSolution
		SolutionGuid = {73BB49B3-38D1-4C67-9BE8-CE1743A4C3EA}
	EndGlobalSection
EndGlobal
